
Microsoft Visual Studio Solution File, Format Version 12.00
# Visual Studio Version 17
VisualStudioVersion = 17.14.36202.13 d17.14
MinimumVisualStudioVersion = 10.0.40219.1
Project("{FAE04EC0-301F-11D3-BF4B-00C04F79EFBC}") = "BookProject", "BookProject\BookProject.csproj", "{3D80F91A-EBD0-4135-9466-E883826A935F}"
EndProject
Global
	GlobalSection(SolutionConfigurationPlatforms) = preSolution
		Debug|Any CPU = Debug|Any CPU
		Release|Any CPU = Release|Any CPU
	EndGlobalSection
	GlobalSection(ProjectConfigurationPlatforms) = postSolution
		{3D80F91A-EBD0-4135-9466-E883826A935F}.Debug|Any CPU.ActiveCfg = Debug|Any CPU
		{3D80F91A-EBD0-4135-9466-E883826A935F}.Debug|Any CPU.Build.0 = Debug|Any CPU
		{3D80F91A-EBD0-4135-9466-E883826A935F}.Release|Any CPU.ActiveCfg = Release|Any CPU
		{3D80F91A-EBD0-4135-9466-E883826A935F}.Release|Any CPU.Build.0 = Release|Any CPU
	EndGlobalSection
	GlobalSection(SolutionProperties) = preSolution
		HideSolutionNode = FALSE
	EndGlobalSection
	GlobalSection(ExtensibilityGlobals) = postSolution
		SolutionGuid = {801E7A45-7F40-4F19-AF3E-ADFA049A49C1}
	EndGlobalSection
EndGlobal
